// !$*UTF8*$!
{
	archiveVersion = 1;
	classes = {
	};
	objectVersion = 46;
	objects = {

/* Begin PBXBuildFile section */
		FC775C5C1C404B8400C9C5B5 /* AppDelegate.swift in Sources */ = {isa = PBXBuildFile; fileRef = FC775C5B1C404B8400C9C5B5 /* AppDelegate.swift */; };
		FC775C5E1C404B8400C9C5B5 /* ViewController.swift in Sources */ = {isa = PBXBuildFile; fileRef = FC775C5D1C404B8400C9C5B5 /* ViewController.swift */; };
		FC775C611C404B8400C9C5B5 /* Main.storyboard in Resources */ = {isa = PBXBuildFile; fileRef = FC775C5F1C404B8400C9C5B5 /* Main.storyboard */; };
		FC775C631C404B8400C9C5B5 /* Assets.xcassets in Resources */ = {isa = PBXBuildFile; fileRef = FC775C621C404B8400C9C5B5 /* Assets.xcassets */; };
		FC775C661C404B8400C9C5B5 /* LaunchScreen.storyboard in Resources */ = {isa = PBXBuildFile; fileRef = FC775C641C404B8400C9C5B5 /* LaunchScreen.storyboard */; };
		FC775C6E1C404DE600C9C5B5 /* pokemon.csv in Resources */ = {isa = PBXBuildFile; fileRef = FC775C6D1C404DE600C9C5B5 /* pokemon.csv */; };
		FC775C711C404F3F00C9C5B5 /* Pokemon.swift in Sources */ = {isa = PBXBuildFile; fileRef = FC775C701C404F3F00C9C5B5 /* Pokemon.swift */; };
		FC775C741C405DF100C9C5B5 /* PokeCell.swift in Sources */ = {isa = PBXBuildFile; fileRef = FC775C731C405DF100C9C5B5 /* PokeCell.swift */; };
		FC775C761C40640200C9C5B5 /* csv.swift in Sources */ = {isa = PBXBuildFile; fileRef = FC775C751C40640200C9C5B5 /* csv.swift */; };
		FC775C7B1C40952C00C9C5B5 /* Pokemon.ttf in Resources */ = {isa = PBXBuildFile; fileRef = FC775C7A1C40952C00C9C5B5 /* Pokemon.ttf */; };
		FC775C7D1C4096A800C9C5B5 /* music.mp3 in Resources */ = {isa = PBXBuildFile; fileRef = FC775C7C1C4096A800C9C5B5 /* music.mp3 */; };
/* End PBXBuildFile section */

/* Begin PBXFileReference section */
		FC775C581C404B8400C9C5B5 /* PokeDex.app */ = {isa = PBXFileReference; explicitFileType = wrapper.application; includeInIndex = 0; path = PokeDex.app; sourceTree = BUILT_PRODUCTS_DIR; };
		FC775C5B1C404B8400C9C5B5 /* AppDelegate.swift */ = {isa = PBXFileReference; lastKnownFileType = sourcecode.swift; path = AppDelegate.swift; sourceTree = "<group>"; };
		FC775C5D1C404B8400C9C5B5 /* ViewController.swift */ = {isa = PBXFileReference; lastKnownFileType = sourcecode.swift; path = ViewController.swift; sourceTree = "<group>"; };
		FC775C601C404B8400C9C5B5 /* Base */ = {isa = PBXFileReference; lastKnownFileType = file.storyboard; name = Base; path = Base.lproj/Main.storyboard; sourceTree = "<group>"; };
		FC775C621C404B8400C9C5B5 /* Assets.xcassets */ = {isa = PBXFileReference; lastKnownFileType = folder.assetcatalog; path = Assets.xcassets; sourceTree = "<group>"; };
		FC775C651C404B8400C9C5B5 /* Base */ = {isa = PBXFileReference; lastKnownFileType = file.storyboard; name = Base; path = Base.lproj/LaunchScreen.storyboard; sourceTree = "<group>"; };
		FC775C671C404B8400C9C5B5 /* Info.plist */ = {isa = PBXFileReference; lastKnownFileType = text.plist.xml; path = Info.plist; sourceTree = "<group>"; };
		FC775C6D1C404DE600C9C5B5 /* pokemon.csv */ = {isa = PBXFileReference; fileEncoding = 4; lastKnownFileType = text; path = pokemon.csv; sourceTree = "<group>"; };
		FC775C701C404F3F00C9C5B5 /* Pokemon.swift */ = {isa = PBXFileReference; fileEncoding = 4; lastKnownFileType = sourcecode.swift; path = Pokemon.swift; sourceTree = "<group>"; };
		FC775C731C405DF100C9C5B5 /* PokeCell.swift */ = {isa = PBXFileReference; fileEncoding = 4; lastKnownFileType = sourcecode.swift; path = PokeCell.swift; sourceTree = "<group>"; };
		FC775C751C40640200C9C5B5 /* csv.swift */ = {isa = PBXFileReference; fileEncoding = 4; lastKnownFileType = sourcecode.swift; path = csv.swift; sourceTree = "<group>"; };
		FC775C7A1C40952C00C9C5B5 /* Pokemon.ttf */ = {isa = PBXFileReference; lastKnownFileType = file; path = Pokemon.ttf; sourceTree = "<group>"; };
		FC775C7C1C4096A800C9C5B5 /* music.mp3 */ = {isa = PBXFileReference; lastKnownFileType = audio.mp3; path = music.mp3; sourceTree = "<group>"; };
/* End PBXFileReference section */

/* Begin PBXFrameworksBuildPhase section */
		FC775C551C404B8400C9C5B5 /* Frameworks */ = {
			isa = PBXFrameworksBuildPhase;
			buildActionMask = 2147483647;
			files = (
			);
			runOnlyForDeploymentPostprocessing = 0;
		};
/* End PBXFrameworksBuildPhase section */

/* Begin PBXGroup section */
		FC775C4F1C404B8400C9C5B5 = {
			isa = PBXGroup;
			children = (
				FC775C5A1C404B8400C9C5B5 /* PokeDex */,
				FC775C591C404B8400C9C5B5 /* Products */,
			);
			sourceTree = "<group>";
		};
		FC775C591C404B8400C9C5B5 /* Products */ = {
			isa = PBXGroup;
			children = (
				FC775C581C404B8400C9C5B5 /* PokeDex.app */,
			);
			name = Products;
			sourceTree = "<group>";
		};
		FC775C5A1C404B8400C9C5B5 /* PokeDex */ = {
			isa = PBXGroup;
			children = (
				FC775C6F1C404EED00C9C5B5 /* Model */,
				FC775C721C405DCE00C9C5B5 /* View */,
				FC775C5B1C404B8400C9C5B5 /* AppDelegate.swift */,
				FC775C781C40642800C9C5B5 /* Controller */,
				FC775C771C40641500C9C5B5 /* Util */,
				FC775C791C40643600C9C5B5 /* Resources */,
				FC775C5F1C404B8400C9C5B5 /* Main.storyboard */,
				FC775C621C404B8400C9C5B5 /* Assets.xcassets */,
				FC775C641C404B8400C9C5B5 /* LaunchScreen.storyboard */,
				FC775C671C404B8400C9C5B5 /* Info.plist */,
			);
			path = PokeDex;
			sourceTree = "<group>";
		};
		FC775C6F1C404EED00C9C5B5 /* Model */ = {
			isa = PBXGroup;
			children = (
				FC775C701C404F3F00C9C5B5 /* Pokemon.swift */,
			);
			name = Model;
			sourceTree = "<group>";
		};
		FC775C721C405DCE00C9C5B5 /* View */ = {
			isa = PBXGroup;
			children = (
				FC775C731C405DF100C9C5B5 /* PokeCell.swift */,
			);
			name = View;
			sourceTree = "<group>";
		};
		FC775C771C40641500C9C5B5 /* Util */ = {
			isa = PBXGroup;
			children = (
				FC775C751C40640200C9C5B5 /* csv.swift */,
			);
			name = Util;
			sourceTree = "<group>";
		};
		FC775C781C40642800C9C5B5 /* Controller */ = {
			isa = PBXGroup;
			children = (
				FC775C5D1C404B8400C9C5B5 /* ViewController.swift */,
			);
			name = Controller;
			sourceTree = "<group>";
		};
		FC775C791C40643600C9C5B5 /* Resources */ = {
			isa = PBXGroup;
			children = (
				FC775C7C1C4096A800C9C5B5 /* music.mp3 */,
				FC775C7A1C40952C00C9C5B5 /* Pokemon.ttf */,
				FC775C6D1C404DE600C9C5B5 /* pokemon.csv */,
			);
			name = Resources;
			sourceTree = "<group>";
		};
/* End PBXGroup section */

/* Begin PBXNativeTarget section */
		FC775C571C404B8400C9C5B5 /* PokeDex */ = {
			isa = PBXNativeTarget;
			buildConfigurationList = FC775C6A1C404B8400C9C5B5 /* Build configuration list for PBXNativeTarget "PokeDex" */;
			buildPhases = (
				FC775C541C404B8400C9C5B5 /* Sources */,
				FC775C551C404B8400C9C5B5 /* Frameworks */,
				FC775C561C404B8400C9C5B5 /* Resources */,
			);
			buildRules = (
			);
			dependencies = (
			);
			name = PokeDex;
			productName = PokeDex;
			productReference = FC775C581C404B8400C9C5B5 /* PokeDex.app */;
			productType = "com.apple.product-type.application";
		};
/* End PBXNativeTarget section */

/* Begin PBXProject section */
		FC775C501C404B8400C9C5B5 /* Project object */ = {
			isa = PBXProject;
			attributes = {
				LastSwiftUpdateCheck = 0710;
				LastUpgradeCheck = 0710;
				ORGANIZATIONNAME = "Edouard Barbier";
				TargetAttributes = {
					FC775C571C404B8400C9C5B5 = {
						CreatedOnToolsVersion = 7.1.1;
					};
				};
			};
			buildConfigurationList = FC775C531C404B8400C9C5B5 /* Build configuration list for PBXProject "PokeDex" */;
			compatibilityVersion = "Xcode 3.2";
			developmentRegion = English;
			hasScannedForEncodings = 0;
			knownRegions = (
				en,
				Base,
			);
			mainGroup = FC775C4F1C404B8400C9C5B5;
			productRefGroup = FC775C591C404B8400C9C5B5 /* Products */;
			projectDirPath = "";
			projectRoot = "";
			targets = (
				FC775C571C404B8400C9C5B5 /* PokeDex */,
			);
		};
/* End PBXProject section */

/* Begin PBXResourcesBuildPhase section */
		FC775C561C404B8400C9C5B5 /* Resources */ = {
			isa = PBXResourcesBuildPhase;
			buildActionMask = 2147483647;
			files = (
				FC775C661C404B8400C9C5B5 /* LaunchScreen.storyboard in Resources */,
				FC775C7B1C40952C00C9C5B5 /* Pokemon.ttf in Resources */,
				FC775C7D1C4096A800C9C5B5 /* music.mp3 in Resources */,
				FC775C631C404B8400C9C5B5 /* Assets.xcassets in Resources */,
				FC775C6E1C404DE600C9C5B5 /* pokemon.csv in Resources */,
				FC775C611C404B8400C9C5B5 /* Main.storyboard in Resources */,
			);
			runOnlyForDeploymentPostprocessing = 0;
		};
/* End PBXResourcesBuildPhase section */

/* Begin PBXSourcesBuildPhase section */
		FC775C541C404B8400C9C5B5 /* Sources */ = {
			isa = PBXSourcesBuildPhase;
			buildActionMask = 2147483647;
			files = (
				FC775C741C405DF100C9C5B5 /* PokeCell.swift in Sources */,
				FC775C5E1C404B8400C9C5B5 /* ViewController.swift in Sources */,
				FC775C5C1C404B8400C9C5B5 /* AppDelegate.swift in Sources */,
				FC775C711C404F3F00C9C5B5 /* Pokemon.swift in Sources */,
				FC775C761C40640200C9C5B5 /* csv.swift in Sources */,
			);
			runOnlyForDeploymentPostprocessing = 0;
		};
/* End PBXSourcesBuildPhase section */

/* Begin PBXVariantGroup section */
		FC775C5F1C404B8400C9C5B5 /* Main.storyboard */ = {
			isa = PBXVariantGroup;
			children = (
				FC775C601C404B8400C9C5B5 /* Base */,
			);
			name = Main.storyboard;
			sourceTree = "<group>";
		};
		FC775C641C404B8400C9C5B5 /* LaunchScreen.storyboard */ = {
			isa = PBXVariantGroup;
			children = (
				FC775C651C404B8400C9C5B5 /* Base */,
			);
			name = LaunchScreen.storyboard;
			sourceTree = "<group>";
		};
/* End PBXVariantGroup section */

/* Begin XCBuildConfiguration section */
		FC775C681C404B8400C9C5B5 /* Debug */ = {
			isa = XCBuildConfiguration;
			buildSettings = {
				ALWAYS_SEARCH_USER_PATHS = NO;
				CLANG_CXX_LANGUAGE_STANDARD = "gnu++0x";
				CLANG_CXX_LIBRARY = "libc++";
				CLANG_ENABLE_MODULES = YES;
				CLANG_ENABLE_OBJC_ARC = YES;
				CLANG_WARN_BOOL_CONVERSION = YES;
				CLANG_WARN_CONSTANT_CONVERSION = YES;
				CLANG_WARN_DIRECT_OBJC_ISA_USAGE = YES_ERROR;
				CLANG_WARN_EMPTY_BODY = YES;
				CLANG_WARN_ENUM_CONVERSION = YES;
				CLANG_WARN_INT_CONVERSION = YES;
				CLANG_WARN_OBJC_ROOT_CLASS = YES_ERROR;
				CLANG_WARN_UNREACHABLE_CODE = YES;
				CLANG_WARN__DUPLICATE_METHOD_MATCH = YES;
				"CODE_SIGN_IDENTITY[sdk=iphoneos*]" = "iPhone Developer";
				COPY_PHASE_STRIP = NO;
				DEBUG_INFORMATION_FORMAT = dwarf;
				ENABLE_STRICT_OBJC_MSGSEND = YES;
				ENABLE_TESTABILITY = YES;
				GCC_C_LANGUAGE_STANDARD = gnu99;
				GCC_DYNAMIC_NO_PIC = NO;
				GCC_NO_COMMON_BLOCKS = YES;
				GCC_OPTIMIZATION_LEVEL = 0;
				GCC_PREPROCESSOR_DEFINITIONS = (
					"DEBUG=1",
					"$(inherited)",
				);
				GCC_WARN_64_TO_32_BIT_CONVERSION = YES;
				GCC_WARN_ABOUT_RETURN_TYPE = YES_ERROR;
				GCC_WARN_UNDECLARED_SELECTOR = YES;
				GCC_WARN_UNINITIALIZED_AUTOS = YES_AGGRESSIVE;
				GCC_WARN_UNUSED_FUNCTION = YES;
				GCC_WARN_UNUSED_VARIABLE = YES;
				IPHONEOS_DEPLOYMENT_TARGET = 9.1;
				MTL_ENABLE_DEBUG_INFO = YES;
				ONLY_ACTIVE_ARCH = YES;
				SDKROOT = iphoneos;
				SWIFT_OPTIMIZATION_LEVEL = "-Onone";
			};
			name = Debug;
		};
		FC775C691C404B8400C9C5B5 /* Release */ = {
			isa = XCBuildConfiguration;
			buildSettings = {
				ALWAYS_SEARCH_USER_PATHS = NO;
				CLANG_CXX_LANGUAGE_STANDARD = "gnu++0x";
				CLANG_CXX_LIBRARY = "libc++";
				CLANG_ENABLE_MODULES = YES;
				CLANG_ENABLE_OBJC_ARC = YES;
				CLANG_WARN_BOOL_CONVERSION = YES;
				CLANG_WARN_CONSTANT_CONVERSION = YES;
				CLANG_WARN_DIRECT_OBJC_ISA_USAGE = YES_ERROR;
				CLANG_WARN_EMPTY_BODY = YES;
				CLANG_WARN_ENUM_CONVERSION = YES;
				CLANG_WARN_INT_CONVERSION = YES;
				CLANG_WARN_OBJC_ROOT_CLASS = YES_ERROR;
				CLANG_WARN_UNREACHABLE_CODE = YES;
				CLANG_WARN__DUPLICATE_METHOD_MATCH = YES;
				"CODE_SIGN_IDENTITY[sdk=iphoneos*]" = "iPhone Developer";
				COPY_PHASE_STRIP = NO;
				DEBUG_INFORMATION_FORMAT = "dwarf-with-dsym";
				ENABLE_NS_ASSERTIONS = NO;
				ENABLE_STRICT_OBJC_MSGSEND = YES;
				GCC_C_LANGUAGE_STANDARD = gnu99;
				GCC_NO_COMMON_BLOCKS = YES;
				GCC_WARN_64_TO_32_BIT_CONVERSION = YES;
				GCC_WARN_ABOUT_RETURN_TYPE = YES_ERROR;
				GCC_WARN_UNDECLARED_SELECTOR = YES;
				GCC_WARN_UNINITIALIZED_AUTOS = YES_AGGRESSIVE;
				GCC_WARN_UNUSED_FUNCTION = YES;
				GCC_WARN_UNUSED_VARIABLE = YES;
				IPHONEOS_DEPLOYMENT_TARGET = 9.1;
				MTL_ENABLE_DEBUG_INFO = NO;
				SDKROOT = iphoneos;
				VALIDATE_PRODUCT = YES;
			};
			name = Release;
		};
		FC775C6B1C404B8400C9C5B5 /* Debug */ = {
			isa = XCBuildConfiguration;
			buildSettings = {
				ASSETCATALOG_COMPILER_APPICON_NAME = AppIcon;
				INFOPLIST_FILE = PokeDex/Info.plist;
				LD_RUNPATH_SEARCH_PATHS = "$(inherited) @executable_path/Frameworks";
				PRODUCT_BUNDLE_IDENTIFIER = EdouardBarbier.PokeDex;
				PRODUCT_NAME = "$(TARGET_NAME)";
			};
			name = Debug;
		};
		FC775C6C1C404B8400C9C5B5 /* Release */ = {
			isa = XCBuildConfiguration;
			buildSettings = {
				ASSETCATALOG_COMPILER_APPICON_NAME = AppIcon;
				INFOPLIST_FILE = PokeDex/Info.plist;
				LD_RUNPATH_SEARCH_PATHS = "$(inherited) @executable_path/Frameworks";
				PRODUCT_BUNDLE_IDENTIFIER = EdouardBarbier.PokeDex;
				PRODUCT_NAME = "$(TARGET_NAME)";
			};
			name = Release;
		};
/* End XCBuildConfiguration section */

/* Begin XCConfigurationList section */
		FC775C531C404B8400C9C5B5 /* Build configuration list for PBXProject "PokeDex" */ = {
			isa = XCConfigurationList;
			buildConfigurations = (
				FC775C681C404B8400C9C5B5 /* Debug */,
				FC775C691C404B8400C9C5B5 /* Release */,
			);
			defaultConfigurationIsVisible = 0;
			defaultConfigurationName = Release;
		};
		FC775C6A1C404B8400C9C5B5 /* Build configuration list for PBXNativeTarget "PokeDex" */ = {
			isa = XCConfigurationList;
			buildConfigurations = (
				FC775C6B1C404B8400C9C5B5 /* Debug */,
				FC775C6C1C404B8400C9C5B5 /* Release */,
			);
			defaultConfigurationIsVisible = 0;
		};
/* End XCConfigurationList section */
	};
	rootObject = FC775C501C404B8400C9C5B5 /* Project object */;
}
